{
  "pins" : [
    {
      "identity" : "couchbase-lite-ios",
      "kind" : "remoteSourceControl",
      "location" : "https://github.com/couchbase/couchbase-lite-ios",
      "state" : {
        "branch" : "0368a9d",
        "revision" : "0368a9d8830d9016736c9b29a83ecbbd508545f7"
      }
    },
    {
      "identity" : "hellopkg",
      "kind" : "remoteSourceControl",
      "location" : "https://github.com/RachanaNangunuri/HelloPkg",
      "state" : {
        "branch" : "64307e4",
        "revision" : "64307e4ca5616de88b28e00a6d4c179eac3a4544"
      }
    }
  ],
  "version" : 2
}
